
Microsoft Visual Studio Solution File, Format Version 12.00
# Visual Studio Version 16
VisualStudioVersion = 16.0.31702.278
MinimumVisualStudioVersion = 10.0.40219.1
Project("{FAE04EC0-301F-11D3-BF4B-00C04F79EFBC}") = "BucleWhile", "BucleWhile\BucleWhile.csproj", "{A25273DE-D9D5-45DD-99E6-8BC94DE68B0D}"
EndProject
Global
	GlobalSection(SolutionConfigurationPlatforms) = preSolution
		Debug|Any CPU = Debug|Any CPU
		Release|Any CPU = Release|Any CPU
	EndGlobalSection
	GlobalSection(ProjectConfigurationPlatforms) = postSolution
		{A25273DE-D9D5-45DD-99E6-8BC94DE68B0D}.Debug|Any CPU.ActiveCfg = Debug|Any CPU
		{A25273DE-D9D5-45DD-99E6-8BC94DE68B0D}.Debug|Any CPU.Build.0 = Debug|Any CPU
		{A25273DE-D9D5-45DD-99E6-8BC94DE68B0D}.Release|Any CPU.ActiveCfg = Release|Any CPU
		{A25273DE-D9D5-45DD-99E6-8BC94DE68B0D}.Release|Any CPU.Build.0 = Release|Any CPU
	EndGlobalSection
	GlobalSection(SolutionProperties) = preSolution
		HideSolutionNode = FALSE
	EndGlobalSection
	GlobalSection(ExtensibilityGlobals) = postSolution
		SolutionGuid = {0C1F7FED-B9F9-4DC8-906A-4B1E22D1DD66}
	EndGlobalSection
EndGlobal
