
Microsoft Visual Studio Solution File, Format Version 12.00
# Visual Studio Version 16
VisualStudioVersion = 16.0.31702.278
MinimumVisualStudioVersion = 10.0.40219.1
Project("{FAE04EC0-301F-11D3-BF4B-00C04F79EFBC}") = "blockFinally", "blockFinally\blockFinally.csproj", "{0692F855-749F-402E-8C51-88ADE0306F5C}"
EndProject
Global
	GlobalSection(SolutionConfigurationPlatforms) = preSolution
		Debug|Any CPU = Debug|Any CPU
		Release|Any CPU = Release|Any CPU
	EndGlobalSection
	GlobalSection(ProjectConfigurationPlatforms) = postSolution
		{0692F855-749F-402E-8C51-88ADE0306F5C}.Debug|Any CPU.ActiveCfg = Debug|Any CPU
		{0692F855-749F-402E-8C51-88ADE0306F5C}.Debug|Any CPU.Build.0 = Debug|Any CPU
		{0692F855-749F-402E-8C51-88ADE0306F5C}.Release|Any CPU.ActiveCfg = Release|Any CPU
		{0692F855-749F-402E-8C51-88ADE0306F5C}.Release|Any CPU.Build.0 = Release|Any CPU
	EndGlobalSection
	GlobalSection(SolutionProperties) = preSolution
		HideSolutionNode = FALSE
	EndGlobalSection
	GlobalSection(ExtensibilityGlobals) = postSolution
		SolutionGuid = {230AFAC0-4BE6-4AFC-89AA-0DAB593B2D02}
	EndGlobalSection
EndGlobal
