
Microsoft Visual Studio Solution File, Format Version 12.00
# Visual Studio Version 16
VisualStudioVersion = 16.0.31702.278
MinimumVisualStudioVersion = 10.0.40219.1
Project("{FAE04EC0-301F-11D3-BF4B-00C04F79EFBC}") = "condicionalSwitch", "condicionalSwitch\condicionalSwitch.csproj", "{B901CFE5-C1D8-49A3-B484-561779723482}"
EndProject
Global
	GlobalSection(SolutionConfigurationPlatforms) = preSolution
		Debug|Any CPU = Debug|Any CPU
		Release|Any CPU = Release|Any CPU
	EndGlobalSection
	GlobalSection(ProjectConfigurationPlatforms) = postSolution
		{B901CFE5-C1D8-49A3-B484-561779723482}.Debug|Any CPU.ActiveCfg = Debug|Any CPU
		{B901CFE5-C1D8-49A3-B484-561779723482}.Debug|Any CPU.Build.0 = Debug|Any CPU
		{B901CFE5-C1D8-49A3-B484-561779723482}.Release|Any CPU.ActiveCfg = Release|Any CPU
		{B901CFE5-C1D8-49A3-B484-561779723482}.Release|Any CPU.Build.0 = Release|Any CPU
	EndGlobalSection
	GlobalSection(SolutionProperties) = preSolution
		HideSolutionNode = FALSE
	EndGlobalSection
	GlobalSection(ExtensibilityGlobals) = postSolution
		SolutionGuid = {163C371E-BD92-4044-8ADF-C4400B101FA3}
	EndGlobalSection
EndGlobal
